version: 1.0
shards:
  db:
    github: crystal-lang/crystal-db
    version: 0.8.0

  exception_page:
    github: crystal-loot/exception_page
    version: 0.1.4

  kemal:
    github: sdogruyol/kemal
    commit: 4d6fb0614f29aa02254913dc6ed69b0cb148fa81

  kemal-session:
    github: kemalcr/kemal-session
    commit: 29f65f0b360640ae36ea617d38d2d81bb2c0fa83

  kilt:
    github: jeromegn/kilt
    version: 0.4.0

  mysql:
    github: crystal-lang/crystal-mysql
    commit: e37351c3a0474407725a9f97dbb51ed870263d2a

  radix:
    github: luislavena/radix
    version: 0.3.9

