version: 1.0
shards:
  db:
    github: crystal-lang/crystal-db
    version: 0.3.3

  kemal:
    github: sdogruyol/kemal
    commit: 54e501e964ceb5053f16fd3061c005dd875b5f9e

  kemal-session:
    github: kemalcr/kemal-session
    commit: 622dee645acff2b03a90754971bf9713d3495b3d

  kilt:
    github: jeromegn/kilt
    version: 0.3.3

  multipart:
    github: RX14/multipart.cr
    version: 0.1.2

  mysql:
    github: crystal-lang/crystal-mysql
    version: 0.3.1

  radix:
    github: luislavena/radix
    version: 0.3.7

