version: 1.0
shards:
  db:
    github: crystal-lang/crystal-db
    version: 0.4.1

  kemal:
    github: sdogruyol/kemal
    commit: d0e04918c39f956e40ba334c0cf46ba7daa8ccdf

  kemal-session:
    github: kemalcr/kemal-session
    commit: bbef25f36fe6505d3221de9952f94a1023225b85

  kilt:
    github: jeromegn/kilt
    version: 0.3.3

  mysql:
    github: crystal-lang/crystal-mysql
    commit: 379fd5353fdac4e20530187cb2efac48ed3b267e

  radix:
    github: luislavena/radix
    version: 0.3.8

